# Linux x86_64 CPython 3.12; isolated approval verification
cffi==2.1.1 --hash=sha256:c1453022f490d2459a11819d83ad1d586e9ff65a12ac3e705ffebd46d3685dcf
cryptography==50.0.2 --hash=sha256:630ebfea3bf689d075f82316324ff7433dc447fe6bc1bfc76524b74b4a9567d2
nenrin-verify==0.4.5 --hash=sha256:8f5df4bf69e582144f9c1efd63c0c6b8f336c45f7bc8cf1dd751a7ea3ffac3e0
pycparser==3.0 --hash=sha256:b727414169a36b7d524c1c3e31839a521725078d7b2ff038656844266160a992
